
Microsoft Visual Studio Solution File, Format Version 12.00
# Visual Studio 2013
VisualStudioVersion = 12.0.21005.1
MinimumVisualStudioVersion = 10.0.40219.1
Project("{FAE04EC0-301F-11D3-BF4B-00C04F79EFBC}") = "CharityPlatformAPI", "CharityPlatformAPI\CharityPlatformAPI.csproj", "{A5A4C456-A112-4837-8B13-C84AC993B10A}"
EndProject
Project("{FAE04EC0-301F-11D3-BF4B-00C04F79EFBC}") = "CharityPlatform.Data", "CharityPlatform.Data\CharityPlatform.Data.csproj", "{E08572DE-8B74-4597-AD10-AEFC8D87BC2F}"
EndProject
Project("{FAE04EC0-301F-11D3-BF4B-00C04F79EFBC}") = "CharityPlatform.Entity", "CharityPlatform.Entity\CharityPlatform.Entity.csproj", "{589A87BC-9579-4800-89A1-43218B88EF98}"
EndProject
Project("{FAE04EC0-301F-11D3-BF4B-00C04F79EFBC}") = "Eastday.WorkFlowEngine", "Eastday.WorkFlowEngine\Eastday.WorkFlowEngine.csproj", "{3FE6EA9E-D07E-4F0C-A0F8-723B00DD7EEC}"
EndProject
Project("{2150E333-8FDC-42A3-9474-1A3956D46DE8}") = ".nuget", ".nuget", "{6421C8A2-F51E-4DE2-B10A-1FC0AF22294D}"
	ProjectSection(SolutionItems) = preProject
		.nuget\NuGet.Config = .nuget\NuGet.Config
		.nuget\NuGet.exe = .nuget\NuGet.exe
		.nuget\NuGet.targets = .nuget\NuGet.targets
	EndProjectSection
EndProject
Project("{FAE04EC0-301F-11D3-BF4B-00C04F79EFBC}") = "Eastday.WorkFlow", "Eastday.WorkFlow\Eastday.WorkFlow.csproj", "{1CB8FF61-9A1B-4FBC-B9FB-EF44BEAC1233}"
EndProject
Global
	GlobalSection(SolutionConfigurationPlatforms) = preSolution
		Debug|Any CPU = Debug|Any CPU
		Release|Any CPU = Release|Any CPU
	EndGlobalSection
	GlobalSection(ProjectConfigurationPlatforms) = postSolution
		{A5A4C456-A112-4837-8B13-C84AC993B10A}.Debug|Any CPU.ActiveCfg = Debug|Any CPU
		{A5A4C456-A112-4837-8B13-C84AC993B10A}.Debug|Any CPU.Build.0 = Debug|Any CPU
		{A5A4C456-A112-4837-8B13-C84AC993B10A}.Release|Any CPU.ActiveCfg = Release|Any CPU
		{A5A4C456-A112-4837-8B13-C84AC993B10A}.Release|Any CPU.Build.0 = Release|Any CPU
		{E08572DE-8B74-4597-AD10-AEFC8D87BC2F}.Debug|Any CPU.ActiveCfg = Debug|Any CPU
		{E08572DE-8B74-4597-AD10-AEFC8D87BC2F}.Debug|Any CPU.Build.0 = Debug|Any CPU
		{E08572DE-8B74-4597-AD10-AEFC8D87BC2F}.Release|Any CPU.ActiveCfg = Release|Any CPU
		{E08572DE-8B74-4597-AD10-AEFC8D87BC2F}.Release|Any CPU.Build.0 = Release|Any CPU
		{589A87BC-9579-4800-89A1-43218B88EF98}.Debug|Any CPU.ActiveCfg = Debug|Any CPU
		{589A87BC-9579-4800-89A1-43218B88EF98}.Debug|Any CPU.Build.0 = Debug|Any CPU
		{589A87BC-9579-4800-89A1-43218B88EF98}.Release|Any CPU.ActiveCfg = Release|Any CPU
		{589A87BC-9579-4800-89A1-43218B88EF98}.Release|Any CPU.Build.0 = Release|Any CPU
		{3FE6EA9E-D07E-4F0C-A0F8-723B00DD7EEC}.Debug|Any CPU.ActiveCfg = Debug|Any CPU
		{3FE6EA9E-D07E-4F0C-A0F8-723B00DD7EEC}.Debug|Any CPU.Build.0 = Debug|Any CPU
		{3FE6EA9E-D07E-4F0C-A0F8-723B00DD7EEC}.Release|Any CPU.ActiveCfg = Release|Any CPU
		{3FE6EA9E-D07E-4F0C-A0F8-723B00DD7EEC}.Release|Any CPU.Build.0 = Release|Any CPU
		{1CB8FF61-9A1B-4FBC-B9FB-EF44BEAC1233}.Debug|Any CPU.ActiveCfg = Debug|Any CPU
		{1CB8FF61-9A1B-4FBC-B9FB-EF44BEAC1233}.Debug|Any CPU.Build.0 = Debug|Any CPU
		{1CB8FF61-9A1B-4FBC-B9FB-EF44BEAC1233}.Release|Any CPU.ActiveCfg = Release|Any CPU
		{1CB8FF61-9A1B-4FBC-B9FB-EF44BEAC1233}.Release|Any CPU.Build.0 = Release|Any CPU
	EndGlobalSection
	GlobalSection(SolutionProperties) = preSolution
		HideSolutionNode = FALSE
	EndGlobalSection
EndGlobal
